PODS:
  - GoogleMaps (1.13.2)
  - Mapbox-iOS-SDK (3.2.2)

DEPENDENCIES:
  - GoogleMaps
  - Mapbox-iOS-SDK (~> 3.2.2)

SPEC CHECKSUMS:
  GoogleMaps: b20a103ff307f58392e603cf142e59d7e30374c1
  Mapbox-iOS-SDK: 117ba1b0ed31107d3fe5826878a0f1531775aedc

PODFILE CHECKSUM: a02f0f37e695d0cb91c3e4926e4a523e5eb8911f

COCOAPODS: 1.0.0
